
Microsoft Visual Studio Solution File, Format Version 12.00
# Visual Studio Version 17
VisualStudioVersion = 17.2.32630.192
MinimumVisualStudioVersion = 10.0.40219.1
Project("{FAE04EC0-301F-11D3-BF4B-00C04F79EFBC}") = "Calculator", "Calculator\Calculator.csproj", "{A86A79DE-D885-4E90-B3DB-F3F5FD80A856}"
EndProject
Project("{FAE04EC0-301F-11D3-BF4B-00C04F79EFBC}") = "DAL", "DAL\DAL.csproj", "{3E73604A-8A54-4933-811A-C15257CDD331}"
EndProject
Global
	GlobalSection(SolutionConfigurationPlatforms) = preSolution
		Debug|Any CPU = Debug|Any CPU
		Release|Any CPU = Release|Any CPU
	EndGlobalSection
	GlobalSection(ProjectConfigurationPlatforms) = postSolution
		{A86A79DE-D885-4E90-B3DB-F3F5FD80A856}.Debug|Any CPU.ActiveCfg = Debug|Any CPU
		{A86A79DE-D885-4E90-B3DB-F3F5FD80A856}.Debug|Any CPU.Build.0 = Debug|Any CPU
		{A86A79DE-D885-4E90-B3DB-F3F5FD80A856}.Release|Any CPU.ActiveCfg = Release|Any CPU
		{A86A79DE-D885-4E90-B3DB-F3F5FD80A856}.Release|Any CPU.Build.0 = Release|Any CPU
		{3E73604A-8A54-4933-811A-C15257CDD331}.Debug|Any CPU.ActiveCfg = Debug|Any CPU
		{3E73604A-8A54-4933-811A-C15257CDD331}.Debug|Any CPU.Build.0 = Debug|Any CPU
		{3E73604A-8A54-4933-811A-C15257CDD331}.Release|Any CPU.ActiveCfg = Release|Any CPU
		{3E73604A-8A54-4933-811A-C15257CDD331}.Release|Any CPU.Build.0 = Release|Any CPU
	EndGlobalSection
	GlobalSection(SolutionProperties) = preSolution
		HideSolutionNode = FALSE
	EndGlobalSection
	GlobalSection(ExtensibilityGlobals) = postSolution
		SolutionGuid = {2CAD871C-A59C-4689-A90C-9432D250EBF1}
	EndGlobalSection
EndGlobal
